
Microsoft Visual Studio Solution File, Format Version 12.00
# Visual Studio Version 16
VisualStudioVersion = 16.0.30114.105
MinimumVisualStudioVersion = 10.0.40219.1
Project("{FAE04EC0-301F-11D3-BF4B-00C04F79EFBC}") = "homework12", "homework12\homework12.csproj", "{B0D4CC1E-4172-47A6-AF6E-52873CB039BA}"
EndProject
Global
	GlobalSection(SolutionConfigurationPlatforms) = preSolution
		Debug|Any CPU = Debug|Any CPU
		Release|Any CPU = Release|Any CPU
	EndGlobalSection
	GlobalSection(ProjectConfigurationPlatforms) = postSolution
		{B0D4CC1E-4172-47A6-AF6E-52873CB039BA}.Debug|Any CPU.ActiveCfg = Debug|Any CPU
		{B0D4CC1E-4172-47A6-AF6E-52873CB039BA}.Debug|Any CPU.Build.0 = Debug|Any CPU
		{B0D4CC1E-4172-47A6-AF6E-52873CB039BA}.Release|Any CPU.ActiveCfg = Release|Any CPU
		{B0D4CC1E-4172-47A6-AF6E-52873CB039BA}.Release|Any CPU.Build.0 = Release|Any CPU
	EndGlobalSection
	GlobalSection(SolutionProperties) = preSolution
		HideSolutionNode = FALSE
	EndGlobalSection
	GlobalSection(ExtensibilityGlobals) = postSolution
		SolutionGuid = {8965BD82-1300-497D-A910-25F80DC8C697}
	EndGlobalSection
EndGlobal
