
Microsoft Visual Studio Solution File, Format Version 12.00
# Visual Studio Version 16
VisualStudioVersion = 16.0.29806.167
MinimumVisualStudioVersion = 10.0.40219.1
Project("{FAE04EC0-301F-11D3-BF4B-00C04F79EFBC}") = "ConsoleCalculator", "myproject\ConsoleCalculator.csproj", "{CAF87D9E-EA42-46F9-89C9-C8FC7559E091}"
EndProject
Project("{FAE04EC0-301F-11D3-BF4B-00C04F79EFBC}") = "FormCalculator", "Calculator\FormCalculator.csproj", "{D1669717-D8A3-4295-9765-14B7EF206D94}"
EndProject
Global
	GlobalSection(SolutionConfigurationPlatforms) = preSolution
		Debug|Any CPU = Debug|Any CPU
		Release|Any CPU = Release|Any CPU
	EndGlobalSection
	GlobalSection(ProjectConfigurationPlatforms) = postSolution
		{CAF87D9E-EA42-46F9-89C9-C8FC7559E091}.Debug|Any CPU.ActiveCfg = Debug|Any CPU
		{CAF87D9E-EA42-46F9-89C9-C8FC7559E091}.Debug|Any CPU.Build.0 = Debug|Any CPU
		{CAF87D9E-EA42-46F9-89C9-C8FC7559E091}.Release|Any CPU.ActiveCfg = Release|Any CPU
		{CAF87D9E-EA42-46F9-89C9-C8FC7559E091}.Release|Any CPU.Build.0 = Release|Any CPU
		{D1669717-D8A3-4295-9765-14B7EF206D94}.Debug|Any CPU.ActiveCfg = Debug|Any CPU
		{D1669717-D8A3-4295-9765-14B7EF206D94}.Debug|Any CPU.Build.0 = Debug|Any CPU
		{D1669717-D8A3-4295-9765-14B7EF206D94}.Release|Any CPU.ActiveCfg = Release|Any CPU
		{D1669717-D8A3-4295-9765-14B7EF206D94}.Release|Any CPU.Build.0 = Release|Any CPU
	EndGlobalSection
	GlobalSection(SolutionProperties) = preSolution
		HideSolutionNode = FALSE
	EndGlobalSection
	GlobalSection(ExtensibilityGlobals) = postSolution
		SolutionGuid = {482491A1-CE69-4CB4-A394-96ED22E74C39}
	EndGlobalSection
EndGlobal
